{
  "requires": true,
  "lockfileVersion": 1,
  "dependencies": {
    "@dcloudio/uni-helper-json": {
      "version": "1.0.9",
      "resolved": "https://registry.npmjs.org/@dcloudio/uni-helper-json/-/uni-helper-json-1.0.9.tgz",
      "integrity": "sha512-GZYMX/HlIzvgAI3Dyc5KWMl3AUAvsANLhvccm/fhJPp52Nhlh0nhnum12wzNNxgZTDk9fAGaf7wO67OPRQUwSQ=="
    }
  }
}
